
Microsoft Visual Studio Solution File, Format Version 12.00
# Visual Studio Version 16
VisualStudioVersion = 16.0.30309.148
MinimumVisualStudioVersion = 10.0.40219.1
Project("{FAE04EC0-301F-11D3-BF4B-00C04F79EFBC}") = "Part 6 Percentages", "Part 6 Percentages.csproj", "{5F9C4EE2-322D-4D99-A4D2-3095258DBBA0}"
EndProject
Global
	GlobalSection(SolutionConfigurationPlatforms) = preSolution
		Debug|Any CPU = Debug|Any CPU
		Release|Any CPU = Release|Any CPU
	EndGlobalSection
	GlobalSection(ProjectConfigurationPlatforms) = postSolution
		{5F9C4EE2-322D-4D99-A4D2-3095258DBBA0}.Debug|Any CPU.ActiveCfg = Debug|Any CPU
		{5F9C4EE2-322D-4D99-A4D2-3095258DBBA0}.Debug|Any CPU.Build.0 = Debug|Any CPU
		{5F9C4EE2-322D-4D99-A4D2-3095258DBBA0}.Release|Any CPU.ActiveCfg = Release|Any CPU
		{5F9C4EE2-322D-4D99-A4D2-3095258DBBA0}.Release|Any CPU.Build.0 = Release|Any CPU
	EndGlobalSection
	GlobalSection(SolutionProperties) = preSolution
		HideSolutionNode = FALSE
	EndGlobalSection
	GlobalSection(ExtensibilityGlobals) = postSolution
		SolutionGuid = {21696273-6C9E-4809-8DA2-5A36060FA754}
	EndGlobalSection
EndGlobal
